// !$*UTF8*$!
{
	archiveVersion = 1;
	classes = {
	};
	objectVersion = 77;
	objects = {

/* Begin PBXBuildFile section */
		8456C2792CB33AD100888B95 /* readme.md in Resources */ = {isa = PBXBuildFile; fileRef = 8456C2782CB33AD100888B95 /* readme.md */; };
		8456C27B2CB33B0700888B95 /* user-guide.md in Resources */ = {isa = PBXBuildFile; fileRef = 8456C27A2CB33B0700888B95 /* user-guide.md */; };
/* End PBXBuildFile section */

/* Begin PBXContainerItemProxy section */
		84622CFB2CB26E4300C35708 /* PBXContainerItemProxy */ = {
			isa = PBXContainerItemProxy;
			containerPortal = 84622CDF2CB26E4000C35708 /* Project object */;
			proxyType = 1;
			remoteGlobalIDString = 84622CE62CB26E4000C35708;
			remoteInfo = ChatScript;
		};
		84622D052CB26E4300C35708 /* PBXContainerItemProxy */ = {
			isa = PBXContainerItemProxy;
			containerPortal = 84622CDF2CB26E4000C35708 /* Project object */;
			proxyType = 1;
			remoteGlobalIDString = 84622CE62CB26E4000C35708;
			remoteInfo = ChatScript;
		};
/* End PBXContainerItemProxy section */

/* Begin PBXFileReference section */
		8456C2782CB33AD100888B95 /* readme.md */ = {isa = PBXFileReference; lastKnownFileType = net.daringfireball.markdown; path = readme.md; sourceTree = "<group>"; };
		8456C27A2CB33B0700888B95 /* user-guide.md */ = {isa = PBXFileReference; lastKnownFileType = net.daringfireball.markdown; path = "user-guide.md"; sourceTree = "<group>"; };
		84622CE72CB26E4000C35708 /* ChatScript.app */ = {isa = PBXFileReference; explicitFileType = wrapper.application; includeInIndex = 0; path = ChatScript.app; sourceTree = BUILT_PRODUCTS_DIR; };
		84622CFA2CB26E4300C35708 /* ChatScriptTests.xctest */ = {isa = PBXFileReference; explicitFileType = wrapper.cfbundle; includeInIndex = 0; path = ChatScriptTests.xctest; sourceTree = BUILT_PRODUCTS_DIR; };
		84622D042CB26E4300C35708 /* ChatScriptUITests.xctest */ = {isa = PBXFileReference; explicitFileType = wrapper.cfbundle; includeInIndex = 0; path = ChatScriptUITests.xctest; sourceTree = BUILT_PRODUCTS_DIR; };
/* End PBXFileReference section */

/* Begin PBXFileSystemSynchronizedRootGroup section */
		84622CE92CB26E4000C35708 /* ChatScript */ = {
			isa = PBXFileSystemSynchronizedRootGroup;
			path = ChatScript;
			sourceTree = "<group>";
		};
		84622CFD2CB26E4300C35708 /* ChatScriptTests */ = {
			isa = PBXFileSystemSynchronizedRootGroup;
			path = ChatScriptTests;
			sourceTree = "<group>";
		};
		84622D072CB26E4300C35708 /* ChatScriptUITests */ = {
			isa = PBXFileSystemSynchronizedRootGroup;
			path = ChatScriptUITests;
			sourceTree = "<group>";
		};
/* End PBXFileSystemSynchronizedRootGroup section */

/* Begin PBXFrameworksBuildPhase section */
		84622CE42CB26E4000C35708 /* Frameworks */ = {
			isa = PBXFrameworksBuildPhase;
			buildActionMask = 2147483647;
			files = (
			);
			runOnlyForDeploymentPostprocessing = 0;
		};
		84622CF72CB26E4300C35708 /* Frameworks */ = {
			isa = PBXFrameworksBuildPhase;
			buildActionMask = 2147483647;
			files = (
			);
			runOnlyForDeploymentPostprocessing = 0;
		};
		84622D012CB26E4300C35708 /* Frameworks */ = {
			isa = PBXFrameworksBuildPhase;
			buildActionMask = 2147483647;
			files = (
			);
			runOnlyForDeploymentPostprocessing = 0;
		};
/* End PBXFrameworksBuildPhase section */

/* Begin PBXGroup section */
		8456C2772CB33A6300888B95 /* Documentation */ = {
			isa = PBXGroup;
			children = (
				8456C27A2CB33B0700888B95 /* user-guide.md */,
				8456C2782CB33AD100888B95 /* readme.md */,
			);
			path = Documentation;
			sourceTree = "<group>";
		};
		84622CDE2CB26E4000C35708 = {
			isa = PBXGroup;
			children = (
				84622CE92CB26E4000C35708 /* ChatScript */,
				8456C2772CB33A6300888B95 /* Documentation */,
				84622CFD2CB26E4300C35708 /* ChatScriptTests */,
				84622D072CB26E4300C35708 /* ChatScriptUITests */,
				84622CE82CB26E4000C35708 /* Products */,
			);
			sourceTree = "<group>";
		};
		84622CE82CB26E4000C35708 /* Products */ = {
			isa = PBXGroup;
			children = (
				84622CE72CB26E4000C35708 /* ChatScript.app */,
				84622CFA2CB26E4300C35708 /* ChatScriptTests.xctest */,
				84622D042CB26E4300C35708 /* ChatScriptUITests.xctest */,
			);
			name = Products;
			sourceTree = "<group>";
		};
/* End PBXGroup section */

/* Begin PBXNativeTarget section */
		84622CE62CB26E4000C35708 /* ChatScript */ = {
			isa = PBXNativeTarget;
			buildConfigurationList = 84622D0E2CB26E4300C35708 /* Build configuration list for PBXNativeTarget "ChatScript" */;
			buildPhases = (
				84622CE32CB26E4000C35708 /* Sources */,
				84622CE42CB26E4000C35708 /* Frameworks */,
				84622CE52CB26E4000C35708 /* Resources */,
			);
			buildRules = (
			);
			dependencies = (
			);
			fileSystemSynchronizedGroups = (
				84622CE92CB26E4000C35708 /* ChatScript */,
			);
			name = ChatScript;
			packageProductDependencies = (
			);
			productName = ChatScript;
			productReference = 84622CE72CB26E4000C35708 /* ChatScript.app */;
			productType = "com.apple.product-type.application";
		};
		84622CF92CB26E4300C35708 /* ChatScriptTests */ = {
			isa = PBXNativeTarget;
			buildConfigurationList = 84622D112CB26E4300C35708 /* Build configuration list for PBXNativeTarget "ChatScriptTests" */;
			buildPhases = (
				84622CF62CB26E4300C35708 /* Sources */,
				84622CF72CB26E4300C35708 /* Frameworks */,
				84622CF82CB26E4300C35708 /* Resources */,
			);
			buildRules = (
			);
			dependencies = (
				84622CFC2CB26E4300C35708 /* PBXTargetDependency */,
			);
			fileSystemSynchronizedGroups = (
				84622CFD2CB26E4300C35708 /* ChatScriptTests */,
			);
			name = ChatScriptTests;
			packageProductDependencies = (
			);
			productName = ChatScriptTests;
			productReference = 84622CFA2CB26E4300C35708 /* ChatScriptTests.xctest */;
			productType = "com.apple.product-type.bundle.unit-test";
		};
		84622D032CB26E4300C35708 /* ChatScriptUITests */ = {
			isa = PBXNativeTarget;
			buildConfigurationList = 84622D142CB26E4300C35708 /* Build configuration list for PBXNativeTarget "ChatScriptUITests" */;
			buildPhases = (
				84622D002CB26E4300C35708 /* Sources */,
				84622D012CB26E4300C35708 /* Frameworks */,
				84622D022CB26E4300C35708 /* Resources */,
			);
			buildRules = (
			);
			dependencies = (
				84622D062CB26E4300C35708 /* PBXTargetDependency */,
			);
			fileSystemSynchronizedGroups = (
				84622D072CB26E4300C35708 /* ChatScriptUITests */,
			);
			name = ChatScriptUITests;
			packageProductDependencies = (
			);
			productName = ChatScriptUITests;
			productReference = 84622D042CB26E4300C35708 /* ChatScriptUITests.xctest */;
			productType = "com.apple.product-type.bundle.ui-testing";
		};
/* End PBXNativeTarget section */

/* Begin PBXProject section */
		84622CDF2CB26E4000C35708 /* Project object */ = {
			isa = PBXProject;
			attributes = {
				BuildIndependentTargetsInParallel = 1;
				LastSwiftUpdateCheck = 1600;
				LastUpgradeCheck = 1600;
				TargetAttributes = {
					84622CE62CB26E4000C35708 = {
						CreatedOnToolsVersion = 16.0;
					};
					84622CF92CB26E4300C35708 = {
						CreatedOnToolsVersion = 16.0;
						TestTargetID = 84622CE62CB26E4000C35708;
					};
					84622D032CB26E4300C35708 = {
						CreatedOnToolsVersion = 16.0;
						TestTargetID = 84622CE62CB26E4000C35708;
					};
				};
			};
			buildConfigurationList = 84622CE22CB26E4000C35708 /* Build configuration list for PBXProject "ChatScript" */;
			developmentRegion = en;
			hasScannedForEncodings = 0;
			knownRegions = (
				en,
				Base,
			);
			mainGroup = 84622CDE2CB26E4000C35708;
			minimizedProjectReferenceProxies = 1;
			preferredProjectObjectVersion = 77;
			productRefGroup = 84622CE82CB26E4000C35708 /* Products */;
			projectDirPath = "";
			projectRoot = "";
			targets = (
				84622CE62CB26E4000C35708 /* ChatScript */,
				84622CF92CB26E4300C35708 /* ChatScriptTests */,
				84622D032CB26E4300C35708 /* ChatScriptUITests */,
			);
		};
/* End PBXProject section */

/* Begin PBXResourcesBuildPhase section */
		84622CE52CB26E4000C35708 /* Resources */ = {
			isa = PBXResourcesBuildPhase;
			buildActionMask = 2147483647;
			files = (
				8456C27B2CB33B0700888B95 /* user-guide.md in Resources */,
				8456C2792CB33AD100888B95 /* readme.md in Resources */,
			);
			runOnlyForDeploymentPostprocessing = 0;
		};
		84622CF82CB26E4300C35708 /* Resources */ = {
			isa = PBXResourcesBuildPhase;
			buildActionMask = 2147483647;
			files = (
			);
			runOnlyForDeploymentPostprocessing = 0;
		};
		84622D022CB26E4300C35708 /* Resources */ = {
			isa = PBXResourcesBuildPhase;
			buildActionMask = 2147483647;
			files = (
			);
			runOnlyForDeploymentPostprocessing = 0;
		};
/* End PBXResourcesBuildPhase section */

/* Begin PBXSourcesBuildPhase section */
		84622CE32CB26E4000C35708 /* Sources */ = {
			isa = PBXSourcesBuildPhase;
			buildActionMask = 2147483647;
			files = (
			);
			runOnlyForDeploymentPostprocessing = 0;
		};
		84622CF62CB26E4300C35708 /* Sources */ = {
			isa = PBXSourcesBuildPhase;
			buildActionMask = 2147483647;
			files = (
			);
			runOnlyForDeploymentPostprocessing = 0;
		};
		84622D002CB26E4300C35708 /* Sources */ = {
			isa = PBXSourcesBuildPhase;
			buildActionMask = 2147483647;
			files = (
			);
			runOnlyForDeploymentPostprocessing = 0;
		};
/* End PBXSourcesBuildPhase section */

/* Begin PBXTargetDependency section */
		84622CFC2CB26E4300C35708 /* PBXTargetDependency */ = {
			isa = PBXTargetDependency;
			target = 84622CE62CB26E4000C35708 /* ChatScript */;
			targetProxy = 84622CFB2CB26E4300C35708 /* PBXContainerItemProxy */;
		};
		84622D062CB26E4300C35708 /* PBXTargetDependency */ = {
			isa = PBXTargetDependency;
			target = 84622CE62CB26E4000C35708 /* ChatScript */;
			targetProxy = 84622D052CB26E4300C35708 /* PBXContainerItemProxy */;
		};
/* End PBXTargetDependency section */

/* Begin XCBuildConfiguration section */
		84622D0C2CB26E4300C35708 /* Debug */ = {
			isa = XCBuildConfiguration;
			buildSettings = {
				ALWAYS_SEARCH_USER_PATHS = NO;
				ASSETCATALOG_COMPILER_GENERATE_SWIFT_ASSET_SYMBOL_EXTENSIONS = YES;
				CLANG_ANALYZER_NONNULL = YES;
				CLANG_ANALYZER_NUMBER_OBJECT_CONVERSION = YES_AGGRESSIVE;
				CLANG_CXX_LANGUAGE_STANDARD = "gnu++20";
				CLANG_ENABLE_MODULES = YES;
				CLANG_ENABLE_OBJC_ARC = YES;
				CLANG_ENABLE_OBJC_WEAK = YES;
				CLANG_WARN_BLOCK_CAPTURE_AUTORELEASING = YES;
				CLANG_WARN_BOOL_CONVERSION = YES;
				CLANG_WARN_COMMA = YES;
				CLANG_WARN_CONSTANT_CONVERSION = YES;
				CLANG_WARN_DEPRECATED_OBJC_IMPLEMENTATIONS = YES;
				CLANG_WARN_DIRECT_OBJC_ISA_USAGE = YES_ERROR;
				CLANG_WARN_DOCUMENTATION_COMMENTS = YES;
				CLANG_WARN_EMPTY_BODY = YES;
				CLANG_WARN_ENUM_CONVERSION = YES;
				CLANG_WARN_INFINITE_RECURSION = YES;
				CLANG_WARN_INT_CONVERSION = YES;
				CLANG_WARN_NON_LITERAL_NULL_CONVERSION = YES;
				CLANG_WARN_OBJC_IMPLICIT_RETAIN_SELF = YES;
				CLANG_WARN_OBJC_LITERAL_CONVERSION = YES;
				CLANG_WARN_OBJC_ROOT_CLASS = YES_ERROR;
				CLANG_WARN_QUOTED_INCLUDE_IN_FRAMEWORK_HEADER = YES;
				CLANG_WARN_RANGE_LOOP_ANALYSIS = YES;
				CLANG_WARN_STRICT_PROTOTYPES = YES;
				CLANG_WARN_SUSPICIOUS_MOVE = YES;
				CLANG_WARN_UNGUARDED_AVAILABILITY = YES_AGGRESSIVE;
				CLANG_WARN_UNREACHABLE_CODE = YES;
				CLANG_WARN__DUPLICATE_METHOD_MATCH = YES;
				COPY_PHASE_STRIP = NO;
				DEBUG_INFORMATION_FORMAT = dwarf;
				ENABLE_STRICT_OBJC_MSGSEND = YES;
				ENABLE_TESTABILITY = YES;
				ENABLE_USER_SCRIPT_SANDBOXING = YES;
				GCC_C_LANGUAGE_STANDARD = gnu17;
				GCC_DYNAMIC_NO_PIC = NO;
				GCC_NO_COMMON_BLOCKS = YES;
				GCC_OPTIMIZATION_LEVEL = 0;
				GCC_PREPROCESSOR_DEFINITIONS = (
					"DEBUG=1",
					"$(inherited)",
				);
				GCC_WARN_64_TO_32_BIT_CONVERSION = YES;
				GCC_WARN_ABOUT_RETURN_TYPE = YES_ERROR;
				GCC_WARN_UNDECLARED_SELECTOR = YES;
				GCC_WARN_UNINITIALIZED_AUTOS = YES_AGGRESSIVE;
				GCC_WARN_UNUSED_FUNCTION = YES;
				GCC_WARN_UNUSED_VARIABLE = YES;
				LOCALIZATION_PREFERS_STRING_CATALOGS = YES;
				MACOSX_DEPLOYMENT_TARGET = 15.0;
				MTL_ENABLE_DEBUG_INFO = INCLUDE_SOURCE;
				MTL_FAST_MATH = YES;
				ONLY_ACTIVE_ARCH = YES;
				SDKROOT = macosx;
				SWIFT_ACTIVE_COMPILATION_CONDITIONS = "DEBUG $(inherited)";
				SWIFT_OPTIMIZATION_LEVEL = "-Onone";
			};
			name = Debug;
		};
		84622D0D2CB26E4300C35708 /* Release */ = {
			isa = XCBuildConfiguration;
			buildSettings = {
				ALWAYS_SEARCH_USER_PATHS = NO;
				ASSETCATALOG_COMPILER_GENERATE_SWIFT_ASSET_SYMBOL_EXTENSIONS = YES;
				CLANG_ANALYZER_NONNULL = YES;
				CLANG_ANALYZER_NUMBER_OBJECT_CONVERSION = YES_AGGRESSIVE;
				CLANG_CXX_LANGUAGE_STANDARD = "gnu++20";
				CLANG_ENABLE_MODULES = YES;
				CLANG_ENABLE_OBJC_ARC = YES;
				CLANG_ENABLE_OBJC_WEAK = YES;
				CLANG_WARN_BLOCK_CAPTURE_AUTORELEASING = YES;
				CLANG_WARN_BOOL_CONVERSION = YES;
				CLANG_WARN_COMMA = YES;
				CLANG_WARN_CONSTANT_CONVERSION = YES;
				CLANG_WARN_DEPRECATED_OBJC_IMPLEMENTATIONS = YES;
				CLANG_WARN_DIRECT_OBJC_ISA_USAGE = YES_ERROR;
				CLANG_WARN_DOCUMENTATION_COMMENTS = YES;
				CLANG_WARN_EMPTY_BODY = YES;
				CLANG_WARN_ENUM_CONVERSION = YES;
				CLANG_WARN_INFINITE_RECURSION = YES;
				CLANG_WARN_INT_CONVERSION = YES;
				CLANG_WARN_NON_LITERAL_NULL_CONVERSION = YES;
				CLANG_WARN_OBJC_IMPLICIT_RETAIN_SELF = YES;
				CLANG_WARN_OBJC_LITERAL_CONVERSION = YES;
				CLANG_WARN_OBJC_ROOT_CLASS = YES_ERROR;
				CLANG_WARN_QUOTED_INCLUDE_IN_FRAMEWORK_HEADER = YES;
				CLANG_WARN_RANGE_LOOP_ANALYSIS = YES;
				CLANG_WARN_STRICT_PROTOTYPES = YES;
				CLANG_WARN_SUSPICIOUS_MOVE = YES;
				CLANG_WARN_UNGUARDED_AVAILABILITY = YES_AGGRESSIVE;
				CLANG_WARN_UNREACHABLE_CODE = YES;
				CLANG_WARN__DUPLICATE_METHOD_MATCH = YES;
				COPY_PHASE_STRIP = NO;
				DEBUG_INFORMATION_FORMAT = "dwarf-with-dsym";
				ENABLE_NS_ASSERTIONS = NO;
				ENABLE_STRICT_OBJC_MSGSEND = YES;
				ENABLE_USER_SCRIPT_SANDBOXING = YES;
				GCC_C_LANGUAGE_STANDARD = gnu17;
				GCC_NO_COMMON_BLOCKS = YES;
				GCC_WARN_64_TO_32_BIT_CONVERSION = YES;
				GCC_WARN_ABOUT_RETURN_TYPE = YES_ERROR;
				GCC_WARN_UNDECLARED_SELECTOR = YES;
				GCC_WARN_UNINITIALIZED_AUTOS = YES_AGGRESSIVE;
				GCC_WARN_UNUSED_FUNCTION = YES;
				GCC_WARN_UNUSED_VARIABLE = YES;
				LOCALIZATION_PREFERS_STRING_CATALOGS = YES;
				MACOSX_DEPLOYMENT_TARGET = 15.0;
				MTL_ENABLE_DEBUG_INFO = NO;
				MTL_FAST_MATH = YES;
				SDKROOT = macosx;
				SWIFT_COMPILATION_MODE = wholemodule;
			};
			name = Release;
		};
		84622D0F2CB26E4300C35708 /* Debug */ = {
			isa = XCBuildConfiguration;
			buildSettings = {
				ASSETCATALOG_COMPILER_APPICON_NAME = AppIcon;
				ASSETCATALOG_COMPILER_GLOBAL_ACCENT_COLOR_NAME = AccentColor;
				CODE_SIGN_ENTITLEMENTS = ChatScript/ChatScript.entitlements;
				CODE_SIGN_STYLE = Automatic;
				COMBINE_HIDPI_IMAGES = YES;
				CURRENT_PROJECT_VERSION = 1;
				DEVELOPMENT_ASSET_PATHS = "\"ChatScript/Preview Content\"";
				DEVELOPMENT_TEAM = X8V4AKXRS9;
				ENABLE_HARDENED_RUNTIME = YES;
				ENABLE_PREVIEWS = YES;
				GENERATE_INFOPLIST_FILE = YES;
				INFOPLIST_KEY_LSApplicationCategoryType = "public.app-category.utilities";
				INFOPLIST_KEY_NSHumanReadableCopyright = "";
				LD_RUNPATH_SEARCH_PATHS = (
					"$(inherited)",
					"@executable_path/../Frameworks",
				);
				MACOSX_DEPLOYMENT_TARGET = 14.0;
				MARKETING_VERSION = 1.0;
				PRODUCT_BUNDLE_IDENTIFIER = ChatScript.ChatScript;
				PRODUCT_NAME = "$(TARGET_NAME)";
				SWIFT_EMIT_LOC_STRINGS = YES;
				SWIFT_VERSION = 5.0;
			};
			name = Debug;
		};
		84622D102CB26E4300C35708 /* Release */ = {
			isa = XCBuildConfiguration;
			buildSettings = {
				ASSETCATALOG_COMPILER_APPICON_NAME = AppIcon;
				ASSETCATALOG_COMPILER_GLOBAL_ACCENT_COLOR_NAME = AccentColor;
				CODE_SIGN_ENTITLEMENTS = ChatScript/ChatScript.entitlements;
				CODE_SIGN_STYLE = Automatic;
				COMBINE_HIDPI_IMAGES = YES;
				CURRENT_PROJECT_VERSION = 1;
				DEVELOPMENT_ASSET_PATHS = "\"ChatScript/Preview Content\"";
				DEVELOPMENT_TEAM = X8V4AKXRS9;
				ENABLE_HARDENED_RUNTIME = YES;
				ENABLE_PREVIEWS = YES;
				GENERATE_INFOPLIST_FILE = YES;
				INFOPLIST_KEY_LSApplicationCategoryType = "public.app-category.utilities";
				INFOPLIST_KEY_NSHumanReadableCopyright = "";
				LD_RUNPATH_SEARCH_PATHS = (
					"$(inherited)",
					"@executable_path/../Frameworks",
				);
				MACOSX_DEPLOYMENT_TARGET = 14.0;
				MARKETING_VERSION = 1.0;
				PRODUCT_BUNDLE_IDENTIFIER = ChatScript.ChatScript;
				PRODUCT_NAME = "$(TARGET_NAME)";
				SWIFT_EMIT_LOC_STRINGS = YES;
				SWIFT_VERSION = 5.0;
			};
			name = Release;
		};
		84622D122CB26E4300C35708 /* Debug */ = {
			isa = XCBuildConfiguration;
			buildSettings = {
				BUNDLE_LOADER = "$(TEST_HOST)";
				CODE_SIGN_STYLE = Automatic;
				CURRENT_PROJECT_VERSION = 1;
				DEVELOPMENT_TEAM = X8V4AKXRS9;
				GENERATE_INFOPLIST_FILE = YES;
				MACOSX_DEPLOYMENT_TARGET = 14.0;
				MARKETING_VERSION = 1.0;
				PRODUCT_BUNDLE_IDENTIFIER = ChatScript.ChatScriptTests;
				PRODUCT_NAME = "$(TARGET_NAME)";
				SWIFT_EMIT_LOC_STRINGS = NO;
				SWIFT_VERSION = 5.0;
				TEST_HOST = "$(BUILT_PRODUCTS_DIR)/ChatScript.app/$(BUNDLE_EXECUTABLE_FOLDER_PATH)/ChatScript";
			};
			name = Debug;
		};
		84622D132CB26E4300C35708 /* Release */ = {
			isa = XCBuildConfiguration;
			buildSettings = {
				BUNDLE_LOADER = "$(TEST_HOST)";
				CODE_SIGN_STYLE = Automatic;
				CURRENT_PROJECT_VERSION = 1;
				DEVELOPMENT_TEAM = X8V4AKXRS9;
				GENERATE_INFOPLIST_FILE = YES;
				MACOSX_DEPLOYMENT_TARGET = 14.0;
				MARKETING_VERSION = 1.0;
				PRODUCT_BUNDLE_IDENTIFIER = ChatScript.ChatScriptTests;
				PRODUCT_NAME = "$(TARGET_NAME)";
				SWIFT_EMIT_LOC_STRINGS = NO;
				SWIFT_VERSION = 5.0;
				TEST_HOST = "$(BUILT_PRODUCTS_DIR)/ChatScript.app/$(BUNDLE_EXECUTABLE_FOLDER_PATH)/ChatScript";
			};
			name = Release;
		};
		84622D152CB26E4300C35708 /* Debug */ = {
			isa = XCBuildConfiguration;
			buildSettings = {
				CODE_SIGN_STYLE = Automatic;
				CURRENT_PROJECT_VERSION = 1;
				DEVELOPMENT_TEAM = X8V4AKXRS9;
				GENERATE_INFOPLIST_FILE = YES;
				MARKETING_VERSION = 1.0;
				PRODUCT_BUNDLE_IDENTIFIER = ChatScript.ChatScriptUITests;
				PRODUCT_NAME = "$(TARGET_NAME)";
				SWIFT_EMIT_LOC_STRINGS = NO;
				SWIFT_VERSION = 5.0;
				TEST_TARGET_NAME = ChatScript;
			};
			name = Debug;
		};
		84622D162CB26E4300C35708 /* Release */ = {
			isa = XCBuildConfiguration;
			buildSettings = {
				CODE_SIGN_STYLE = Automatic;
				CURRENT_PROJECT_VERSION = 1;
				DEVELOPMENT_TEAM = X8V4AKXRS9;
				GENERATE_INFOPLIST_FILE = YES;
				MARKETING_VERSION = 1.0;
				PRODUCT_BUNDLE_IDENTIFIER = ChatScript.ChatScriptUITests;
				PRODUCT_NAME = "$(TARGET_NAME)";
				SWIFT_EMIT_LOC_STRINGS = NO;
				SWIFT_VERSION = 5.0;
				TEST_TARGET_NAME = ChatScript;
			};
			name = Release;
		};
/* End XCBuildConfiguration section */

/* Begin XCConfigurationList section */
		84622CE22CB26E4000C35708 /* Build configuration list for PBXProject "ChatScript" */ = {
			isa = XCConfigurationList;
			buildConfigurations = (
				84622D0C2CB26E4300C35708 /* Debug */,
				84622D0D2CB26E4300C35708 /* Release */,
			);
			defaultConfigurationIsVisible = 0;
			defaultConfigurationName = Release;
		};
		84622D0E2CB26E4300C35708 /* Build configuration list for PBXNativeTarget "ChatScript" */ = {
			isa = XCConfigurationList;
			buildConfigurations = (
				84622D0F2CB26E4300C35708 /* Debug */,
				84622D102CB26E4300C35708 /* Release */,
			);
			defaultConfigurationIsVisible = 0;
			defaultConfigurationName = Release;
		};
		84622D112CB26E4300C35708 /* Build configuration list for PBXNativeTarget "ChatScriptTests" */ = {
			isa = XCConfigurationList;
			buildConfigurations = (
				84622D122CB26E4300C35708 /* Debug */,
				84622D132CB26E4300C35708 /* Release */,
			);
			defaultConfigurationIsVisible = 0;
			defaultConfigurationName = Release;
		};
		84622D142CB26E4300C35708 /* Build configuration list for PBXNativeTarget "ChatScriptUITests" */ = {
			isa = XCConfigurationList;
			buildConfigurations = (
				84622D152CB26E4300C35708 /* Debug */,
				84622D162CB26E4300C35708 /* Release */,
			);
			defaultConfigurationIsVisible = 0;
			defaultConfigurationName = Release;
		};
/* End XCConfigurationList section */
	};
	rootObject = 84622CDF2CB26E4000C35708 /* Project object */;
}
